{
  "name": "determa-multi-domain-visual-demo",
  "version": "1.0.0",
  "lockfileVersion": 3,
  "requires": true,
  "packages": {
    "": {
      "name": "determa-multi-domain-visual-demo",
      "version": "1.0.0",
      "dependencies": {
        "react": "18.3.1",
        "react-dom": "18.3.1"
      },
      "devDependencies": {
        "@testing-library/jest-dom": "6.6.3",
        "@testing-library/react": "16.3.0",
        "@types/react": "18.3.23",
        "@types/react-dom": "18.3.7",
        "@vitejs/plugin-react": "4.3.4",
        "jsdom": "26.1.0",
        "typescript": "5.8.3",
        "vite": "5.4.19",
        "vitest": "3.2.4"
      }
    }
  },
  "x_determa_status": "PENDING_NETWORK_MATERIALIZATION"
}
